
Microsoft Visual Studio Solution File, Format Version 12.00
# Visual Studio Version 17
VisualStudioVersion = 17.13.35931.197
MinimumVisualStudioVersion = 10.0.40219.1
Project("{FAE04EC0-301F-11D3-BF4B-00C04F79EFBC}") = "ClassLibrary_Task1", "task_1\ClassLibrary_Task1\ClassLibrary_Task1.csproj", "{0BE44F0C-3D89-4444-A7C8-9F5A3126CD61}"
EndProject
Project("{2150E333-8FDC-42A3-9474-1A3956D46DE8}") = "task_1", "task_1", "{02EA681E-C7D8-13C7-8484-4AC65E1B71E8}"
EndProject
Project("{FAE04EC0-301F-11D3-BF4B-00C04F79EFBC}") = "ConsoleApp_Task1", "task_1\ConsoleApp\ConsoleApp_Task1.csproj", "{2970F570-51D3-4663-B641-E2F64063941C}"
EndProject
Project("{2150E333-8FDC-42A3-9474-1A3956D46DE8}") = "task_2", "task_2", "{28493169-6E6B-42F5-ACAF-645AD8CDBB51}"
EndProject
Project("{FAE04EC0-301F-11D3-BF4B-00C04F79EFBC}") = "ClassLibrary_Task2", "task_2\ClassLibrary_Task2\ClassLibrary_Task2.csproj", "{52D7C538-B59A-47CB-9744-B8FE186A44B0}"
EndProject
Project("{FAE04EC0-301F-11D3-BF4B-00C04F79EFBC}") = "ConsoleApp_Task2", "task_2\ConsoleApp_Task2\ConsoleApp_Task2.csproj", "{D786728C-B7AF-4589-9FE4-7E5936D12DA2}"
EndProject
Project("{FAE04EC0-301F-11D3-BF4B-00C04F79EFBC}") = "ClassLibrary_Task3", "task_3\ClassLibrary_Task3\ClassLibrary_Task3.csproj", "{7152168A-456E-4944-B642-3B7816CC22B1}"
EndProject
Project("{2150E333-8FDC-42A3-9474-1A3956D46DE8}") = "task_3", "task_3", "{72A6D417-1288-4C9B-A10B-62DB60D4AD56}"
EndProject
Project("{2150E333-8FDC-42A3-9474-1A3956D46DE8}") = "task_4", "task_4", "{76720516-60F6-4FED-A8DB-B5185D62481B}"
EndProject
Project("{2150E333-8FDC-42A3-9474-1A3956D46DE8}") = "task_5", "task_5", "{D21170C4-90AC-44A3-A8D9-8F3F035074D7}"
EndProject
Project("{2150E333-8FDC-42A3-9474-1A3956D46DE8}") = "task_6", "task_6", "{22C5923D-AA74-4FF3-9E3C-02F367E9454C}"
EndProject
Project("{FAE04EC0-301F-11D3-BF4B-00C04F79EFBC}") = "ConsoleApp_Task3", "task_3\ConsoleApp_Task3\ConsoleApp_Task3.csproj", "{9DA565FC-E418-42C5-AB81-181DB0E25F72}"
EndProject
Project("{FAE04EC0-301F-11D3-BF4B-00C04F79EFBC}") = "ClassLibrary_Task4", "task_4\ClassLibrary_Task4\ClassLibrary_Task4.csproj", "{320AA835-D9E0-4D3F-BDF4-A3F16DD1D0E1}"
EndProject
Project("{FAE04EC0-301F-11D3-BF4B-00C04F79EFBC}") = "ConsoleApp_Task4", "task_4\ConsoleApp_Task4\ConsoleApp_Task4.csproj", "{0F7B1057-BCF4-4A12-BEFD-D0A94E0F59D9}"
EndProject
Project("{FAE04EC0-301F-11D3-BF4B-00C04F79EFBC}") = "ConsoleApp_Task5", "task_5\ConsoleApp_Task5\ConsoleApp_Task5.csproj", "{408C41C9-B9E3-4E08-845B-82157D98F875}"
EndProject
Project("{FAE04EC0-301F-11D3-BF4B-00C04F79EFBC}") = "ClassLibrary_Task5", "task_5\ClassLibrary_Task5\ClassLibrary_Task5.csproj", "{8F224446-58C5-460C-9800-1324DB9FEC2B}"
EndProject
Project("{FAE04EC0-301F-11D3-BF4B-00C04F79EFBC}") = "ClassLibrary_Task6", "task_6\ClassLibrary_Task6\ClassLibrary_Task6.csproj", "{C754B048-D4F1-48CA-AB8C-3E06BAD0D8C0}"
EndProject
Project("{FAE04EC0-301F-11D3-BF4B-00C04F79EFBC}") = "ConsoleApp_Task6", "task_6\ConsoleApp_Task6\ConsoleApp_Task6.csproj", "{085F2FB7-FAFC-4EE7-BA97-75373BDA3866}"
EndProject
Global
	GlobalSection(SolutionConfigurationPlatforms) = preSolution
		Debug|Any CPU = Debug|Any CPU
		Release|Any CPU = Release|Any CPU
	EndGlobalSection
	GlobalSection(ProjectConfigurationPlatforms) = postSolution
		{0BE44F0C-3D89-4444-A7C8-9F5A3126CD61}.Debug|Any CPU.ActiveCfg = Debug|Any CPU
		{0BE44F0C-3D89-4444-A7C8-9F5A3126CD61}.Debug|Any CPU.Build.0 = Debug|Any CPU
		{0BE44F0C-3D89-4444-A7C8-9F5A3126CD61}.Release|Any CPU.ActiveCfg = Release|Any CPU
		{0BE44F0C-3D89-4444-A7C8-9F5A3126CD61}.Release|Any CPU.Build.0 = Release|Any CPU
		{2970F570-51D3-4663-B641-E2F64063941C}.Debug|Any CPU.ActiveCfg = Debug|Any CPU
		{2970F570-51D3-4663-B641-E2F64063941C}.Debug|Any CPU.Build.0 = Debug|Any CPU
		{2970F570-51D3-4663-B641-E2F64063941C}.Release|Any CPU.ActiveCfg = Release|Any CPU
		{2970F570-51D3-4663-B641-E2F64063941C}.Release|Any CPU.Build.0 = Release|Any CPU
		{52D7C538-B59A-47CB-9744-B8FE186A44B0}.Debug|Any CPU.ActiveCfg = Debug|Any CPU
		{52D7C538-B59A-47CB-9744-B8FE186A44B0}.Debug|Any CPU.Build.0 = Debug|Any CPU
		{52D7C538-B59A-47CB-9744-B8FE186A44B0}.Release|Any CPU.ActiveCfg = Release|Any CPU
		{52D7C538-B59A-47CB-9744-B8FE186A44B0}.Release|Any CPU.Build.0 = Release|Any CPU
		{D786728C-B7AF-4589-9FE4-7E5936D12DA2}.Debug|Any CPU.ActiveCfg = Debug|Any CPU
		{D786728C-B7AF-4589-9FE4-7E5936D12DA2}.Debug|Any CPU.Build.0 = Debug|Any CPU
		{D786728C-B7AF-4589-9FE4-7E5936D12DA2}.Release|Any CPU.ActiveCfg = Release|Any CPU
		{D786728C-B7AF-4589-9FE4-7E5936D12DA2}.Release|Any CPU.Build.0 = Release|Any CPU
		{7152168A-456E-4944-B642-3B7816CC22B1}.Debug|Any CPU.ActiveCfg = Debug|Any CPU
		{7152168A-456E-4944-B642-3B7816CC22B1}.Debug|Any CPU.Build.0 = Debug|Any CPU
		{7152168A-456E-4944-B642-3B7816CC22B1}.Release|Any CPU.ActiveCfg = Release|Any CPU
		{7152168A-456E-4944-B642-3B7816CC22B1}.Release|Any CPU.Build.0 = Release|Any CPU
		{9DA565FC-E418-42C5-AB81-181DB0E25F72}.Debug|Any CPU.ActiveCfg = Debug|Any CPU
		{9DA565FC-E418-42C5-AB81-181DB0E25F72}.Debug|Any CPU.Build.0 = Debug|Any CPU
		{9DA565FC-E418-42C5-AB81-181DB0E25F72}.Release|Any CPU.ActiveCfg = Release|Any CPU
		{9DA565FC-E418-42C5-AB81-181DB0E25F72}.Release|Any CPU.Build.0 = Release|Any CPU
		{320AA835-D9E0-4D3F-BDF4-A3F16DD1D0E1}.Debug|Any CPU.ActiveCfg = Debug|Any CPU
		{320AA835-D9E0-4D3F-BDF4-A3F16DD1D0E1}.Debug|Any CPU.Build.0 = Debug|Any CPU
		{320AA835-D9E0-4D3F-BDF4-A3F16DD1D0E1}.Release|Any CPU.ActiveCfg = Release|Any CPU
		{320AA835-D9E0-4D3F-BDF4-A3F16DD1D0E1}.Release|Any CPU.Build.0 = Release|Any CPU
		{0F7B1057-BCF4-4A12-BEFD-D0A94E0F59D9}.Debug|Any CPU.ActiveCfg = Debug|Any CPU
		{0F7B1057-BCF4-4A12-BEFD-D0A94E0F59D9}.Debug|Any CPU.Build.0 = Debug|Any CPU
		{0F7B1057-BCF4-4A12-BEFD-D0A94E0F59D9}.Release|Any CPU.ActiveCfg = Release|Any CPU
		{0F7B1057-BCF4-4A12-BEFD-D0A94E0F59D9}.Release|Any CPU.Build.0 = Release|Any CPU
		{408C41C9-B9E3-4E08-845B-82157D98F875}.Debug|Any CPU.ActiveCfg = Debug|Any CPU
		{408C41C9-B9E3-4E08-845B-82157D98F875}.Debug|Any CPU.Build.0 = Debug|Any CPU
		{408C41C9-B9E3-4E08-845B-82157D98F875}.Release|Any CPU.ActiveCfg = Release|Any CPU
		{408C41C9-B9E3-4E08-845B-82157D98F875}.Release|Any CPU.Build.0 = Release|Any CPU
		{8F224446-58C5-460C-9800-1324DB9FEC2B}.Debug|Any CPU.ActiveCfg = Debug|Any CPU
		{8F224446-58C5-460C-9800-1324DB9FEC2B}.Debug|Any CPU.Build.0 = Debug|Any CPU
		{8F224446-58C5-460C-9800-1324DB9FEC2B}.Release|Any CPU.ActiveCfg = Release|Any CPU
		{8F224446-58C5-460C-9800-1324DB9FEC2B}.Release|Any CPU.Build.0 = Release|Any CPU
		{C754B048-D4F1-48CA-AB8C-3E06BAD0D8C0}.Debug|Any CPU.ActiveCfg = Debug|Any CPU
		{C754B048-D4F1-48CA-AB8C-3E06BAD0D8C0}.Debug|Any CPU.Build.0 = Debug|Any CPU
		{C754B048-D4F1-48CA-AB8C-3E06BAD0D8C0}.Release|Any CPU.ActiveCfg = Release|Any CPU
		{C754B048-D4F1-48CA-AB8C-3E06BAD0D8C0}.Release|Any CPU.Build.0 = Release|Any CPU
		{085F2FB7-FAFC-4EE7-BA97-75373BDA3866}.Debug|Any CPU.ActiveCfg = Debug|Any CPU
		{085F2FB7-FAFC-4EE7-BA97-75373BDA3866}.Debug|Any CPU.Build.0 = Debug|Any CPU
		{085F2FB7-FAFC-4EE7-BA97-75373BDA3866}.Release|Any CPU.ActiveCfg = Release|Any CPU
		{085F2FB7-FAFC-4EE7-BA97-75373BDA3866}.Release|Any CPU.Build.0 = Release|Any CPU
	EndGlobalSection
	GlobalSection(SolutionProperties) = preSolution
		HideSolutionNode = FALSE
	EndGlobalSection
	GlobalSection(NestedProjects) = preSolution
		{0BE44F0C-3D89-4444-A7C8-9F5A3126CD61} = {02EA681E-C7D8-13C7-8484-4AC65E1B71E8}
		{2970F570-51D3-4663-B641-E2F64063941C} = {02EA681E-C7D8-13C7-8484-4AC65E1B71E8}
		{52D7C538-B59A-47CB-9744-B8FE186A44B0} = {28493169-6E6B-42F5-ACAF-645AD8CDBB51}
		{D786728C-B7AF-4589-9FE4-7E5936D12DA2} = {28493169-6E6B-42F5-ACAF-645AD8CDBB51}
		{7152168A-456E-4944-B642-3B7816CC22B1} = {72A6D417-1288-4C9B-A10B-62DB60D4AD56}
		{9DA565FC-E418-42C5-AB81-181DB0E25F72} = {72A6D417-1288-4C9B-A10B-62DB60D4AD56}
		{320AA835-D9E0-4D3F-BDF4-A3F16DD1D0E1} = {76720516-60F6-4FED-A8DB-B5185D62481B}
		{0F7B1057-BCF4-4A12-BEFD-D0A94E0F59D9} = {76720516-60F6-4FED-A8DB-B5185D62481B}
		{408C41C9-B9E3-4E08-845B-82157D98F875} = {D21170C4-90AC-44A3-A8D9-8F3F035074D7}
		{8F224446-58C5-460C-9800-1324DB9FEC2B} = {D21170C4-90AC-44A3-A8D9-8F3F035074D7}
		{C754B048-D4F1-48CA-AB8C-3E06BAD0D8C0} = {22C5923D-AA74-4FF3-9E3C-02F367E9454C}
		{085F2FB7-FAFC-4EE7-BA97-75373BDA3866} = {22C5923D-AA74-4FF3-9E3C-02F367E9454C}
	EndGlobalSection
	GlobalSection(ExtensibilityGlobals) = postSolution
		SolutionGuid = {0A585591-C6C2-4CCA-826B-1D01D0F8F57C}
	EndGlobalSection
EndGlobal
