
Microsoft Visual Studio Solution File, Format Version 12.00
# Visual Studio Version 17
VisualStudioVersion = 17.13.35931.197
MinimumVisualStudioVersion = 10.0.40219.1
Project("{2150E333-8FDC-42A3-9474-1A3956D46DE8}") = "task_1", "task_1", "{02EA681E-C7D8-13C7-8484-4AC65E1B71E8}"
EndProject
Project("{2150E333-8FDC-42A3-9474-1A3956D46DE8}") = "task_2", "task_2", "{37C223B3-960E-45A9-9D2A-AD376972E090}"
EndProject
Project("{2150E333-8FDC-42A3-9474-1A3956D46DE8}") = "task_3", "task_3", "{D2DC49CD-5CA5-4970-8DC3-AB794AECA76F}"
EndProject
Project("{2150E333-8FDC-42A3-9474-1A3956D46DE8}") = "task_4", "task_4", "{60CB9466-AEC0-48D1-BF2B-E1D47E1C06F2}"
EndProject
Project("{2150E333-8FDC-42A3-9474-1A3956D46DE8}") = "task_5", "task_5", "{4EAC7D16-10D4-4164-8AE3-A9E8365EEDF4}"
EndProject
Project("{FAE04EC0-301F-11D3-BF4B-00C04F79EFBC}") = "ClassLibrary_Task1", "..\ClassLibrary_Task1\ClassLibrary_Task1.csproj", "{67B05473-A0F5-49ED-8749-E08A68E0CAC4}"
EndProject
Project("{FAE04EC0-301F-11D3-BF4B-00C04F79EFBC}") = "ConsoleApp_Task1", "..\ConsoleApp_Task1\ConsoleApp_Task1.csproj", "{FD44678F-C616-436D-9076-9D53DC435082}"
EndProject
Project("{FAE04EC0-301F-11D3-BF4B-00C04F79EFBC}") = "ClassLibrary_Task2", "task_2\ClassLibrary_Task2\ClassLibrary_Task2.csproj", "{0C042D60-4C0D-4768-8A12-59181F947F3F}"
EndProject
Project("{FAE04EC0-301F-11D3-BF4B-00C04F79EFBC}") = "ConsoleApp_Task2", "task_2\ConsoleApp_Task2\ConsoleApp_Task2.csproj", "{377B1EAB-18E2-4214-ACD9-E82DE737D95E}"
EndProject
Project("{FAE04EC0-301F-11D3-BF4B-00C04F79EFBC}") = "ConsoleApp_Task3", "task_3\ConsoleApp_Task3\ConsoleApp_Task3.csproj", "{8E17AB4A-C890-4F10-8998-2E05D55BBBE3}"
EndProject
Project("{FAE04EC0-301F-11D3-BF4B-00C04F79EFBC}") = "ClassLibrary_Task3", "task_3\ClassLibrary_Task3\ClassLibrary_Task3.csproj", "{F3CB7F0F-D61D-4BC3-AC6D-06DE7142A5E0}"
EndProject
Project("{FAE04EC0-301F-11D3-BF4B-00C04F79EFBC}") = "ClassLibrary_Task4", "task_4\ClassLibrary_Task4\ClassLibrary_Task4.csproj", "{E0193B6A-A21E-44B9-8D83-E87270AAFFD3}"
EndProject
Project("{FAE04EC0-301F-11D3-BF4B-00C04F79EFBC}") = "ConsoleApp_Task4", "task_4\ConsoleApp_Task4\ConsoleApp_Task4.csproj", "{9BC3D197-0EC9-4F49-A366-90E76267D180}"
EndProject
Project("{FAE04EC0-301F-11D3-BF4B-00C04F79EFBC}") = "ClassLibrary_Task5", "task_5\ClassLibrary_Task5\ClassLibrary_Task5.csproj", "{DFB79FB9-254D-461C-A873-9868665A3CDE}"
EndProject
Project("{FAE04EC0-301F-11D3-BF4B-00C04F79EFBC}") = "ConsoleApp_Task5", "task_5\ConsoleApp_Task5\ConsoleApp_Task5.csproj", "{7B655C0A-897F-498F-A9CF-CCF6E0E95FB8}"
EndProject
Global
	GlobalSection(SolutionConfigurationPlatforms) = preSolution
		Debug|Any CPU = Debug|Any CPU
		Release|Any CPU = Release|Any CPU
	EndGlobalSection
	GlobalSection(ProjectConfigurationPlatforms) = postSolution
		{67B05473-A0F5-49ED-8749-E08A68E0CAC4}.Debug|Any CPU.ActiveCfg = Debug|Any CPU
		{67B05473-A0F5-49ED-8749-E08A68E0CAC4}.Debug|Any CPU.Build.0 = Debug|Any CPU
		{67B05473-A0F5-49ED-8749-E08A68E0CAC4}.Release|Any CPU.ActiveCfg = Release|Any CPU
		{67B05473-A0F5-49ED-8749-E08A68E0CAC4}.Release|Any CPU.Build.0 = Release|Any CPU
		{FD44678F-C616-436D-9076-9D53DC435082}.Debug|Any CPU.ActiveCfg = Debug|Any CPU
		{FD44678F-C616-436D-9076-9D53DC435082}.Debug|Any CPU.Build.0 = Debug|Any CPU
		{FD44678F-C616-436D-9076-9D53DC435082}.Release|Any CPU.ActiveCfg = Release|Any CPU
		{FD44678F-C616-436D-9076-9D53DC435082}.Release|Any CPU.Build.0 = Release|Any CPU
		{0C042D60-4C0D-4768-8A12-59181F947F3F}.Debug|Any CPU.ActiveCfg = Debug|Any CPU
		{0C042D60-4C0D-4768-8A12-59181F947F3F}.Debug|Any CPU.Build.0 = Debug|Any CPU
		{0C042D60-4C0D-4768-8A12-59181F947F3F}.Release|Any CPU.ActiveCfg = Release|Any CPU
		{0C042D60-4C0D-4768-8A12-59181F947F3F}.Release|Any CPU.Build.0 = Release|Any CPU
		{377B1EAB-18E2-4214-ACD9-E82DE737D95E}.Debug|Any CPU.ActiveCfg = Debug|Any CPU
		{377B1EAB-18E2-4214-ACD9-E82DE737D95E}.Debug|Any CPU.Build.0 = Debug|Any CPU
		{377B1EAB-18E2-4214-ACD9-E82DE737D95E}.Release|Any CPU.ActiveCfg = Release|Any CPU
		{377B1EAB-18E2-4214-ACD9-E82DE737D95E}.Release|Any CPU.Build.0 = Release|Any CPU
		{8E17AB4A-C890-4F10-8998-2E05D55BBBE3}.Debug|Any CPU.ActiveCfg = Debug|Any CPU
		{8E17AB4A-C890-4F10-8998-2E05D55BBBE3}.Debug|Any CPU.Build.0 = Debug|Any CPU
		{8E17AB4A-C890-4F10-8998-2E05D55BBBE3}.Release|Any CPU.ActiveCfg = Release|Any CPU
		{8E17AB4A-C890-4F10-8998-2E05D55BBBE3}.Release|Any CPU.Build.0 = Release|Any CPU
		{F3CB7F0F-D61D-4BC3-AC6D-06DE7142A5E0}.Debug|Any CPU.ActiveCfg = Debug|Any CPU
		{F3CB7F0F-D61D-4BC3-AC6D-06DE7142A5E0}.Debug|Any CPU.Build.0 = Debug|Any CPU
		{F3CB7F0F-D61D-4BC3-AC6D-06DE7142A5E0}.Release|Any CPU.ActiveCfg = Release|Any CPU
		{F3CB7F0F-D61D-4BC3-AC6D-06DE7142A5E0}.Release|Any CPU.Build.0 = Release|Any CPU
		{E0193B6A-A21E-44B9-8D83-E87270AAFFD3}.Debug|Any CPU.ActiveCfg = Debug|Any CPU
		{E0193B6A-A21E-44B9-8D83-E87270AAFFD3}.Debug|Any CPU.Build.0 = Debug|Any CPU
		{E0193B6A-A21E-44B9-8D83-E87270AAFFD3}.Release|Any CPU.ActiveCfg = Release|Any CPU
		{E0193B6A-A21E-44B9-8D83-E87270AAFFD3}.Release|Any CPU.Build.0 = Release|Any CPU
		{9BC3D197-0EC9-4F49-A366-90E76267D180}.Debug|Any CPU.ActiveCfg = Debug|Any CPU
		{9BC3D197-0EC9-4F49-A366-90E76267D180}.Debug|Any CPU.Build.0 = Debug|Any CPU
		{9BC3D197-0EC9-4F49-A366-90E76267D180}.Release|Any CPU.ActiveCfg = Release|Any CPU
		{9BC3D197-0EC9-4F49-A366-90E76267D180}.Release|Any CPU.Build.0 = Release|Any CPU
		{DFB79FB9-254D-461C-A873-9868665A3CDE}.Debug|Any CPU.ActiveCfg = Debug|Any CPU
		{DFB79FB9-254D-461C-A873-9868665A3CDE}.Debug|Any CPU.Build.0 = Debug|Any CPU
		{DFB79FB9-254D-461C-A873-9868665A3CDE}.Release|Any CPU.ActiveCfg = Release|Any CPU
		{DFB79FB9-254D-461C-A873-9868665A3CDE}.Release|Any CPU.Build.0 = Release|Any CPU
		{7B655C0A-897F-498F-A9CF-CCF6E0E95FB8}.Debug|Any CPU.ActiveCfg = Debug|Any CPU
		{7B655C0A-897F-498F-A9CF-CCF6E0E95FB8}.Debug|Any CPU.Build.0 = Debug|Any CPU
		{7B655C0A-897F-498F-A9CF-CCF6E0E95FB8}.Release|Any CPU.ActiveCfg = Release|Any CPU
		{7B655C0A-897F-498F-A9CF-CCF6E0E95FB8}.Release|Any CPU.Build.0 = Release|Any CPU
	EndGlobalSection
	GlobalSection(SolutionProperties) = preSolution
		HideSolutionNode = FALSE
	EndGlobalSection
	GlobalSection(NestedProjects) = preSolution
		{67B05473-A0F5-49ED-8749-E08A68E0CAC4} = {02EA681E-C7D8-13C7-8484-4AC65E1B71E8}
		{FD44678F-C616-436D-9076-9D53DC435082} = {02EA681E-C7D8-13C7-8484-4AC65E1B71E8}
		{0C042D60-4C0D-4768-8A12-59181F947F3F} = {37C223B3-960E-45A9-9D2A-AD376972E090}
		{377B1EAB-18E2-4214-ACD9-E82DE737D95E} = {37C223B3-960E-45A9-9D2A-AD376972E090}
		{8E17AB4A-C890-4F10-8998-2E05D55BBBE3} = {D2DC49CD-5CA5-4970-8DC3-AB794AECA76F}
		{F3CB7F0F-D61D-4BC3-AC6D-06DE7142A5E0} = {D2DC49CD-5CA5-4970-8DC3-AB794AECA76F}
		{E0193B6A-A21E-44B9-8D83-E87270AAFFD3} = {60CB9466-AEC0-48D1-BF2B-E1D47E1C06F2}
		{9BC3D197-0EC9-4F49-A366-90E76267D180} = {60CB9466-AEC0-48D1-BF2B-E1D47E1C06F2}
		{DFB79FB9-254D-461C-A873-9868665A3CDE} = {4EAC7D16-10D4-4164-8AE3-A9E8365EEDF4}
		{7B655C0A-897F-498F-A9CF-CCF6E0E95FB8} = {4EAC7D16-10D4-4164-8AE3-A9E8365EEDF4}
	EndGlobalSection
	GlobalSection(ExtensibilityGlobals) = postSolution
		SolutionGuid = {0EB85DBB-64AF-4F3F-B03E-7D6B78EB8C18}
	EndGlobalSection
EndGlobal
